
Microsoft Visual Studio Solution File, Format Version 12.00
# Visual Studio Version 17
VisualStudioVersion = 17.0.32126.317
MinimumVisualStudioVersion = 10.0.40219.1
Project("{FAE04EC0-301F-11D3-BF4B-00C04F79EFBC}") = "DictionaryEx", "DictionaryEx\DictionaryEx.csproj", "{9B5D9B73-2EF0-46DE-9331-DD7E87C97265}"
EndProject
Global
	GlobalSection(SolutionConfigurationPlatforms) = preSolution
		Debug|Any CPU = Debug|Any CPU
		Release|Any CPU = Release|Any CPU
	EndGlobalSection
	GlobalSection(ProjectConfigurationPlatforms) = postSolution
		{9B5D9B73-2EF0-46DE-9331-DD7E87C97265}.Debug|Any CPU.ActiveCfg = Debug|Any CPU
		{9B5D9B73-2EF0-46DE-9331-DD7E87C97265}.Debug|Any CPU.Build.0 = Debug|Any CPU
		{9B5D9B73-2EF0-46DE-9331-DD7E87C97265}.Release|Any CPU.ActiveCfg = Release|Any CPU
		{9B5D9B73-2EF0-46DE-9331-DD7E87C97265}.Release|Any CPU.Build.0 = Release|Any CPU
	EndGlobalSection
	GlobalSection(SolutionProperties) = preSolution
		HideSolutionNode = FALSE
	EndGlobalSection
	GlobalSection(ExtensibilityGlobals) = postSolution
		SolutionGuid = {4495E707-CE1D-4624-A479-D09CC2A68024}
	EndGlobalSection
EndGlobal
